# THIS IS AN AUTOGENERATED FILE. DO NOT EDIT THIS FILE DIRECTLY.
# yarn lockfile v1


"@emnapi/core@^1.4.3":
  version "1.5.0"
  resolved "https://registry.yarnpkg.com/@emnapi/core/-/core-1.5.0.tgz#85cd84537ec989cebb2343606a1ee663ce4edaf0"
  integrity sha512-sbP8GzB1WDzacS8fgNPpHlp6C9VZe+SJP3F90W9rLemaQj2PzIuTEl1qDOYQf58YIpyjViI24y9aPWCjEzY2cg==
  dependencies:
    "@emnapi/wasi-threads" "1.1.0"
    tslib "^2.4.0"

"@emnapi/runtime@^1.4.3":
  version "1.5.0"
  resolved "https://registry.yarnpkg.com/@emnapi/runtime/-/runtime-1.5.0.tgz#9aebfcb9b17195dce3ab53c86787a6b7d058db73"
  integrity sha512-97/BJ3iXHww3djw6hYIfErCZFee7qCtrneuLa20UXFCOTCfBM2cvQHjWJ2EG0s0MtdNwInarqCTz35i4wWXHsQ==
  dependencies:
    tslib "^2.4.0"

"@emnapi/wasi-threads@1.1.0":
  version "1.1.0"
  resolved "https://registry.yarnpkg.com/@emnapi/wasi-threads/-/wasi-threads-1.1.0.tgz#60b2102fddc9ccb78607e4a3cf8403ea69be41bf"
  integrity sha512-WI0DdZ8xFSbgMjR1sFsKABJ/C5OnRrjT06JXbZKexJGrDuPTzZdDYfFlsgcCXCyf+suG5QU2e/y1Wo2V/OapLQ==
  dependencies:
    tslib "^2.4.0"

"@napi-rs/wasm-runtime@^0.2.10":
  version "0.2.12"
  resolved "https://registry.yarnpkg.com/@napi-rs/wasm-runtime/-/wasm-runtime-0.2.12.tgz#3e78a8b96e6c33a6c517e1894efbd5385a7cb6f2"
  integrity sha512-ZVWUcfwY4E/yPitQJl481FjFo3K22D6qF0DuFH6Y/nbnE11GY5uguDxZMGXPQ8WQ0128MXQD7TnfHyK4oWoIJQ==
  dependencies:
    "@emnapi/core" "^1.4.3"
    "@emnapi/runtime" "^1.4.3"
    "@tybys/wasm-util" "^0.10.0"

"@oxc-project/runtime@=0.75.0":
  version "0.75.0"
  resolved "https://registry.yarnpkg.com/@oxc-project/runtime/-/runtime-0.75.0.tgz#701c39b220d1604fb6eefd91648063eaf9ce8210"
  integrity sha512-gzRmVI/vorsPmbDXt7GD4Uh2lD3rCOku/1xWPB4Yx48k0EP4TZmzQudWapjN4+7Vv+rgXr0RqCHQadeaMvdBuw==

"@oxc-project/types@=0.75.0":
  version "0.75.0"
  resolved "https://registry.yarnpkg.com/@oxc-project/types/-/types-0.75.0.tgz#bd453282ab21d2c29429299e44e15ed72999ec92"
  integrity sha512-QMW+06WOXs7+F301Y3X0VpmWhwuQVc/X/RP2zF9OIwvSMmsif3xURS2wxbakFIABYsytgBcHpUcFepVS0Qnd3A==

"@rolldown/binding-darwin-arm64@1.0.0-beta.23":
  version "1.0.0-beta.23"
  resolved "https://registry.yarnpkg.com/@rolldown/binding-darwin-arm64/-/binding-darwin-arm64-1.0.0-beta.23.tgz#a549fb1813cf5a0274e6dc9af4ead059bc2980b0"
  integrity sha512-rppgXFU4+dNDPQvPsfovUuYfDgMoATDomKGjIRR5bIU98BYkQF1fm+87trApilfWSosLQP9JsXOoUJO/EMrspQ==

"@rolldown/binding-darwin-x64@1.0.0-beta.23":
  version "1.0.0-beta.23"
  resolved "https://registry.yarnpkg.com/@rolldown/binding-darwin-x64/-/binding-darwin-x64-1.0.0-beta.23.tgz#df2c64187242fb1eddec3e248e711be90e0b900b"
  integrity sha512-aFo1v7GKysuwSAfsyNcBb9mj3M+wxMCu3N+DcTD5eAaz3mFex6l+2b/vLGaTWNrCMoWhRxV8rTaI1eFoMVdSuQ==

"@rolldown/binding-freebsd-x64@1.0.0-beta.23":
  version "1.0.0-beta.23"
  resolved "https://registry.yarnpkg.com/@rolldown/binding-freebsd-x64/-/binding-freebsd-x64-1.0.0-beta.23.tgz#9fa3232cc9499aaaf40d7e71fb8fc5a68cf8b444"
  integrity sha512-/NzbXIFIR5KR+fZ351K1qONekakXpiPhUX55ydP6ok8iKdG7bTbgs6dlMg7Ow0E2DKlQoTbZbPTUY3kTzmNrsQ==

"@rolldown/binding-linux-arm-gnueabihf@1.0.0-beta.23":
  version "1.0.0-beta.23"
  resolved "https://registry.yarnpkg.com/@rolldown/binding-linux-arm-gnueabihf/-/binding-linux-arm-gnueabihf-1.0.0-beta.23.tgz#e592b649703e96dbfd34d8ae0479b3474c702fb6"
  integrity sha512-vPnCHxjyR4ZVj9x6sLJMCAdBY99RPe6Mnwxb5BSaE6ccHzvy015xtsIEG7H9E9pVj3yfI/om77jrP+YA5IqL3w==

"@rolldown/binding-linux-arm64-gnu@1.0.0-beta.23":
  version "1.0.0-beta.23"
  resolved "https://registry.yarnpkg.com/@rolldown/binding-linux-arm64-gnu/-/binding-linux-arm64-gnu-1.0.0-beta.23.tgz#a8ea0e24bb04ce530847f5c6bddcfd44b80e8a19"
  integrity sha512-PFBBnj9JqLOL8gjZtoVGfOXe0PSpnPUXE+JuMcWz568K/p4Zzk7lDDHl7guD95wVtV89TmfaRwK2PWd9vKxHtg==

"@rolldown/binding-linux-arm64-musl@1.0.0-beta.23":
  version "1.0.0-beta.23"
  resolved "https://registry.yarnpkg.com/@rolldown/binding-linux-arm64-musl/-/binding-linux-arm64-musl-1.0.0-beta.23.tgz#779ce3e3ac167315556613eeecd85951cd5c78de"
  integrity sha512-KyQRLofVP78yUCXT90YmEzxK6I9VCBeOTSyOrs40Qx0Q0XwaGVwxo7sKj2SmnqxribdcouBA3CfNZC4ZNcyEnQ==

"@rolldown/binding-linux-x64-gnu@1.0.0-beta.23":
  version "1.0.0-beta.23"
  resolved "https://registry.yarnpkg.com/@rolldown/binding-linux-x64-gnu/-/binding-linux-x64-gnu-1.0.0-beta.23.tgz#dee1986bb2701c1d2e72c6b3fab5555e0b140320"
  integrity sha512-EubfEsJyjQbKK9j3Ez1hhbIOsttABb07Z7PhMRcVYW0wrVr8SfKLew9pULIMfcSNnoz8QqzoI4lOSmezJ9bYWw==

"@rolldown/binding-linux-x64-musl@1.0.0-beta.23":
  version "1.0.0-beta.23"
  resolved "https://registry.yarnpkg.com/@rolldown/binding-linux-x64-musl/-/binding-linux-x64-musl-1.0.0-beta.23.tgz#fc1b8bbf8d89c30885a9ea075d43be30bd4ee033"
  integrity sha512-MUAthvl3I/+hySltZuj5ClKiq8fAMqExeBnxadLFShwWCbdHKFd+aRjBxxzarPcnqbDlTaOCUaAaYmQTOTOHSg==

"@rolldown/binding-wasm32-wasi@1.0.0-beta.23":
  version "1.0.0-beta.23"
  resolved "https://registry.yarnpkg.com/@rolldown/binding-wasm32-wasi/-/binding-wasm32-wasi-1.0.0-beta.23.tgz#3a1a9527877e062959c46137312642fa0a4d0458"
  integrity sha512-YI7QMQU01QFVNTEaQt3ysrq+wGBwLdFVFEGO64CoZ3gTsr/HulU8gvgR+67coQOlQC9iO/Hm1bvkBtceLxKrnA==
  dependencies:
    "@napi-rs/wasm-runtime" "^0.2.10"

"@rolldown/binding-win32-arm64-msvc@1.0.0-beta.23":
  version "1.0.0-beta.23"
  resolved "https://registry.yarnpkg.com/@rolldown/binding-win32-arm64-msvc/-/binding-win32-arm64-msvc-1.0.0-beta.23.tgz#178ddc36c7fa16ff84909f6cbd04721a323972e8"
  integrity sha512-JdHx6Hli53etB/QsZL1tjpf4qa87kNcwPdx4iVicP/kL7po6k5bHoS5/l/nRRccwPh7BlPlB2uoEuTwJygJosQ==

"@rolldown/binding-win32-ia32-msvc@1.0.0-beta.23":
  version "1.0.0-beta.23"
  resolved "https://registry.yarnpkg.com/@rolldown/binding-win32-ia32-msvc/-/binding-win32-ia32-msvc-1.0.0-beta.23.tgz#1013dc1ff79b48087da8e645ac22eac7739c82a5"
  integrity sha512-rMZ0QBmcDND97+5unXxquKvSudV8tz6S7tBY3gOYlqMFEDIRX0BAgxaqQBQbq34ZxB9bXwGdjuau3LZHGreB6g==

"@rolldown/binding-win32-x64-msvc@1.0.0-beta.23":
  version "1.0.0-beta.23"
  resolved "https://registry.yarnpkg.com/@rolldown/binding-win32-x64-msvc/-/binding-win32-x64-msvc-1.0.0-beta.23.tgz#64402bb345a99f675e633fe46617314e1733351f"
  integrity sha512-0PqE7vGIpA+XT+qxAYJQKTrB5zz8vJiuCOInfY/ks/QOs6ZZ9Os8bdNkcpCy4rYo+GMZn0Q8CwyPu4uexWB1aA==

"@rolldown/pluginutils@1.0.0-beta.23":
  version "1.0.0-beta.23"
  resolved "https://registry.yarnpkg.com/@rolldown/pluginutils/-/pluginutils-1.0.0-beta.23.tgz#f896db6e79da076e1cb3b2eb13d0009824e3cb38"
  integrity sha512-lLCP4LUecUGBLq8EfkbY2esGYyvZj5ee+WZG12+mVnQH48b46SVbwp+0vJkD+6Pnsc+u9SWarBV9sQ5mVwmb5g==

"@tybys/wasm-util@^0.10.0":
  version "0.10.0"
  resolved "https://registry.yarnpkg.com/@tybys/wasm-util/-/wasm-util-0.10.0.tgz#2fd3cd754b94b378734ce17058d0507c45c88369"
  integrity sha512-VyyPYFlOMNylG45GoAe0xDoLwWuowvf92F9kySqzYh8vmYm7D2u4iUJKa1tOUpS70Ku13ASrOkS4ScXFsTaCNQ==
  dependencies:
    tslib "^2.4.0"

ansis@^4.0.0:
  version "4.1.0"
  resolved "https://registry.yarnpkg.com/ansis/-/ansis-4.1.0.tgz#cd43ecd3f814f37223e518291c0e0b04f2915a0d"
  integrity sha512-BGcItUBWSMRgOCe+SVZJ+S7yTRG0eGt9cXAHev72yuGcY23hnLA7Bky5L/xLyPINoSN95geovfBkqoTlNZYa7w==

buffer-from@^1.0.0:
  version "1.1.2"
  resolved "https://registry.yarnpkg.com/buffer-from/-/buffer-from-1.1.2.tgz#2b146a6fd72e80b4f55d255f35ed59a3a9a41bd5"
  integrity sha512-E+XQCRwSbaaiChtv6k6Dwgc+bx+Bs6vuKJHHl5kox/BaKbhiXzqQOwK4cO22yElGp2OCmjwVhT3HmxgyPGnJfQ==

cross-env@^7.0.3:
  version "7.0.3"
  resolved "https://registry.yarnpkg.com/cross-env/-/cross-env-7.0.3.tgz#865264b29677dc015ba8418918965dd232fc54cf"
  integrity sha512-+/HKd6EgcQCJGh2PSjZuUitQBQynKor4wrFbRg4DtAgS1aWO+gU52xpH7M9ScGgXSYmAVS9bIJ8EzuaGw0oNAw==
  dependencies:
    cross-spawn "^7.0.1"

cross-spawn@^7.0.1:
  version "7.0.6"
  resolved "https://registry.yarnpkg.com/cross-spawn/-/cross-spawn-7.0.6.tgz#8a58fe78f00dcd70c370451759dfbfaf03e8ee9f"
  integrity sha512-uV2QOWP2nWzsy2aMp8aRibhi9dlzF5Hgh5SHaB9OiTGEyDTiJJyx0uy51QXdyWbtAHNua4XJzUKca3OzKUd3vA==
  dependencies:
    path-key "^3.1.0"
    shebang-command "^2.0.0"
    which "^2.0.1"

"immer10@npm:immer@10":
  version "10.1.3"
  resolved "https://registry.yarnpkg.com/immer/-/immer-10.1.3.tgz#e38a0b97db59949d31d9b381b04c2e441b1c3747"
  integrity sha512-tmjF/k8QDKydUlm3mZU+tjM6zeq9/fFpPqH9SzWmBnVVKsPBg/V66qsMwb3/Bo90cgUN+ghdVBess+hPsxUyRw==

"immer10Perf@file:..":
  version "10.0.3-beta"

"immer5@npm:immer@5":
  version "5.3.6"
  resolved "https://registry.yarnpkg.com/immer/-/immer-5.3.6.tgz#51eab8cbbeb13075fe2244250f221598818cac04"
  integrity sha512-pqWQ6ozVfNOUDjrLfm4Pt7q4Q12cGw2HUZgry4Q5+Myxu9nmHRkWBpI0J4+MK0AxbdFtdMTwEGVl7Vd+vEiK+A==

"immer6@npm:immer@6":
  version "6.0.9"
  resolved "https://registry.yarnpkg.com/immer/-/immer-6.0.9.tgz#b9dd69b8e69b3a12391e87db1e3ff535d1b26485"
  integrity sha512-SyCYnAuiRf67Lvk0VkwFvwtDoEiCMjeamnHvRfnVDyc7re1/rQrNxuL+jJ7lA3WvdC4uznrvbmm+clJ9+XXatg==

"immer7@npm:immer@7":
  version "7.0.15"
  resolved "https://registry.yarnpkg.com/immer/-/immer-7.0.15.tgz#dc3bc6db87401659d2e737c67a21b227c484a4ad"
  integrity sha512-yM7jo9+hvYgvdCQdqvhCNRRio0SCXc8xDPzA25SvKWa7b1WVPjLwQs1VYU5JPXjcJPTqAa5NP5dqpORGYBQ2AA==

"immer8@npm:immer@8":
  version "8.0.4"
  resolved "https://registry.yarnpkg.com/immer/-/immer-8.0.4.tgz#3a21605a4e2dded852fb2afd208ad50969737b7a"
  integrity sha512-jMfL18P+/6P6epANRvRk6q8t+3gGhqsJ9EuJ25AXE+9bNTYtssvzeYbEd0mXRYWCmmXSIbnlpz6vd6iJlmGGGQ==

"immer9@npm:immer@9":
  version "9.0.21"
  resolved "https://registry.yarnpkg.com/immer/-/immer-9.0.21.tgz#1e025ea31a40f24fb064f1fef23e931496330176"
  integrity sha512-bc4NBHqOqSfRW7POMkHd51LvClaeMXpm8dx0e8oE2GORbq5aRK7Bxl4FyzVLdGtLmvLKL7BTDBG5ACQm4HWjTA==

"immer@file:..":
  version "10.0.3-beta"

isexe@^2.0.0:
  version "2.0.0"
  resolved "https://registry.yarnpkg.com/isexe/-/isexe-2.0.0.tgz#e8fbf374dc556ff8947a10dcb0572d633f2cfa10"
  integrity sha512-RHxMLp9lnKHGHRng9QFhRCMbYAcVpn69smSGcq3f36xjgVVWThj4qqLbTLlq7Ssj8B+fIQ1EuCEGI2lKsyQeIw==

mitata@^1.0.34:
  version "1.0.34"
  resolved "https://registry.yarnpkg.com/mitata/-/mitata-1.0.34.tgz#131f500d58c0bdc958095ab64f637d6fe1cf101a"
  integrity sha512-Mc3zrtNBKIMeHSCQ0XqRLo1vbdIx1wvFV9c8NJAiyho6AjNfMY8bVhbS12bwciUdd1t4rj8099CH3N3NFahaUA==

mutative-compat@^0.1.2:
  version "0.1.2"
  resolved "https://registry.yarnpkg.com/mutative-compat/-/mutative-compat-0.1.2.tgz#d1926069e42de35e3754458fcd37754339bf3bf6"
  integrity sha512-XF+l3jkY4XGZ2IZzdkS0tu0DtYsKJZcSQcoxHu+gvHkNWS1Xd+B4yOLqbhFAx46jzuB4BWIN/SoXB1E5yDAKjg==

mutative@^1.1.0:
  version "1.2.0"
  resolved "https://registry.yarnpkg.com/mutative/-/mutative-1.2.0.tgz#db75b60b436ad0a940e2e47bffb6661dd77c2754"
  integrity sha512-1muFw45Lwjso6TSBGiXfbjKS01fVSD/qaqBfTo/gXgp79e8KM4Sa1XP/S4iN2/DvSdIZgjFJI+JIhC7eKf3GTg==

path-key@^3.1.0:
  version "3.1.1"
  resolved "https://registry.yarnpkg.com/path-key/-/path-key-3.1.1.tgz#581f6ade658cbba65a0d3380de7753295054f375"
  integrity sha512-ojmeN0qd+y0jszEtoY48r0Peq5dwMEkIlCOu6Q5f41lfkswXuKtYrhgoTpLnyIcHm24Uhqx+5Tqm2InSwLhE6Q==

pprof-format@^2.2.1:
  version "2.2.1"
  resolved "https://registry.yarnpkg.com/pprof-format/-/pprof-format-2.2.1.tgz#64d32207fb46990349eb52825defb449d6ccc9b4"
  integrity sha512-p4tVN7iK19ccDqQv8heyobzUmbHyds4N2FI6aBMcXz6y99MglTWDxIyhFkNaLeEXs6IFUEzT0zya0icbSLLY0g==

rolldown@1.0.0-beta.23:
  version "1.0.0-beta.23"
  resolved "https://registry.yarnpkg.com/rolldown/-/rolldown-1.0.0-beta.23.tgz#2da1867b1f1ffdbcf77d9489495bb92ba4a3b373"
  integrity sha512-+/TR2YSZxLTtDAfG9LHlYqsHO6jtvr9qxaRD77E+PCAQi5X47bJkgiZsjDmE1jGR19NfYegWToOvSe6E+8NfwA==
  dependencies:
    "@oxc-project/runtime" "=0.75.0"
    "@oxc-project/types" "=0.75.0"
    "@rolldown/pluginutils" "1.0.0-beta.23"
    ansis "^4.0.0"
  optionalDependencies:
    "@rolldown/binding-darwin-arm64" "1.0.0-beta.23"
    "@rolldown/binding-darwin-x64" "1.0.0-beta.23"
    "@rolldown/binding-freebsd-x64" "1.0.0-beta.23"
    "@rolldown/binding-linux-arm-gnueabihf" "1.0.0-beta.23"
    "@rolldown/binding-linux-arm64-gnu" "1.0.0-beta.23"
    "@rolldown/binding-linux-arm64-musl" "1.0.0-beta.23"
    "@rolldown/binding-linux-x64-gnu" "1.0.0-beta.23"
    "@rolldown/binding-linux-x64-musl" "1.0.0-beta.23"
    "@rolldown/binding-wasm32-wasi" "1.0.0-beta.23"
    "@rolldown/binding-win32-arm64-msvc" "1.0.0-beta.23"
    "@rolldown/binding-win32-ia32-msvc" "1.0.0-beta.23"
    "@rolldown/binding-win32-x64-msvc" "1.0.0-beta.23"

shebang-command@^2.0.0:
  version "2.0.0"
  resolved "https://registry.yarnpkg.com/shebang-command/-/shebang-command-2.0.0.tgz#ccd0af4f8835fbdc265b82461aaf0c36663f34ea"
  integrity sha512-kHxr2zZpYtdmrN1qDjrrX/Z1rR1kG8Dx+gkpK1G4eXmvXswmcE1hTWBWYUzlraYw1/yZp6YuDY77YtvbN0dmDA==
  dependencies:
    shebang-regex "^3.0.0"

shebang-regex@^3.0.0:
  version "3.0.0"
  resolved "https://registry.yarnpkg.com/shebang-regex/-/shebang-regex-3.0.0.tgz#ae16f1644d873ecad843b0307b143362d4c42172"
  integrity sha512-7++dFhtcx3353uBaq8DDR4NuxBetBzC7ZQOhmTQInHEd6bSrXdiEyzCvG07Z44UYdLShWUyXt5M/yhz8ekcb1A==

source-map-support@^0.5.21:
  version "0.5.21"
  resolved "https://registry.yarnpkg.com/source-map-support/-/source-map-support-0.5.21.tgz#04fe7c7f9e1ed2d662233c28cb2b35b9f63f6e4f"
  integrity sha512-uBHU3L3czsIyYXKX88fdrGovxdSCoTGDRZ6SYXtSRxLZUzHg5P/66Ht6uoUlHu9EZod+inXhKo3qQgwXUT/y1w==
  dependencies:
    buffer-from "^1.0.0"
    source-map "^0.6.0"

source-map@^0.6.0:
  version "0.6.1"
  resolved "https://registry.yarnpkg.com/source-map/-/source-map-0.6.1.tgz#74722af32e9614e9c287a8d0bbde48b5e2f1a263"
  integrity sha512-UjgapumWlbMhkBgzT7Ykc5YXUT46F0iKu8SGXq0bcwP5dz/h0Plj6enJqjz1Zbq2l5WaqYnrVbwWOWMyF3F47g==

source-map@^0.7.4:
  version "0.7.6"
  resolved "https://registry.yarnpkg.com/source-map/-/source-map-0.7.6.tgz#a3658ab87e5b6429c8a1f3ba0083d4c61ca3ef02"
  integrity sha512-i5uvt8C3ikiWeNZSVZNWcfZPItFQOsYTUAOkcUPGd8DqDy1uOUikjt5dG+uRlwyvR108Fb9DOd4GvXfT0N2/uQ==

tslib@^2.4.0:
  version "2.8.1"
  resolved "https://registry.yarnpkg.com/tslib/-/tslib-2.8.1.tgz#612efe4ed235d567e8aba5f2a5fab70280ade83f"
  integrity sha512-oJFu94HQb+KVduSUQL7wnpmqnfmLsOA/nAh6b6EH0wCEoK0/mPeXU6c3wKDV83MkOuHPRHtSXKKU99IBazS/2w==

which@^2.0.1:
  version "2.0.2"
  resolved "https://registry.yarnpkg.com/which/-/which-2.0.2.tgz#7c6a8dd0a636a0327e10b59c9286eee93f3f51b1"
  integrity sha512-BLI3Tl1TW3Pvl70l3yq3Y64i+awpwXqsGBYWkkqMtnbXgrMD+yj7rhW0kuEDxzJaYXGjEW5ogapKNMEKNMjibA==
  dependencies:
    isexe "^2.0.0"
